# generated by rye
# use `rye lock` or `rye sync` to update this lockfile
#
# last locked with the following flags:
#   pre: false
#   features: []
#   all-features: false

-e file:.
aiofiles==23.2.1
altair==5.2.0
annotated-types==0.6.0
anyio==4.2.0
attrs==23.2.0
audioread==3.0.1
av==10.0.0
certifi==2023.11.17
cffi==1.16.0
charset-normalizer==3.3.2
click==8.1.7
cn2an==0.5.22
colorama==0.4.6
coloredlogs==15.0.1
contourpy==1.2.0
ctranslate2==3.24.0
cycler==0.12.1
decorator==5.1.1
distro==1.9.0
eng-to-ipa==0.0.2
fastapi==0.109.0
faster-whisper==0.10.0
ffmpy==0.3.1
filelock==3.13.1
flatbuffers==23.5.26
fonttools==4.47.2
fsspec==2023.12.2
gradio==4.14.0
gradio-client==0.8.0
h11==0.14.0
httpcore==1.0.2
httpx==0.26.0
huggingface-hub==0.20.2
humanfriendly==10.0
idna==3.6
importlib-resources==6.1.1
inflect==7.0.0
jieba==0.42.1
jinja2==3.1.3
joblib==1.3.2
jsonschema==4.20.0
jsonschema-specifications==2023.12.1
kiwisolver==1.4.5
langid==1.1.6
lazy-loader==0.3
librosa==0.10.1
llvmlite==0.41.1
markdown-it-py==3.0.0
markupsafe==2.1.3
matplotlib==3.8.2
mdurl==0.1.2
mpmath==1.3.0
msgpack==1.0.7
networkx==3.2.1
numba==0.58.1
numpy==1.26.3
onnxruntime==1.16.3
openai==1.7.2
orjson==3.9.10
packaging==23.2
pandas==2.1.4
pillow==10.2.0
platformdirs==4.1.0
pooch==1.8.0
proces==0.1.7
protobuf==4.25.2
pycparser==2.21
pydantic==2.5.3
pydantic-core==2.14.6
pydub==0.25.1
pygments==2.17.2
pyparsing==3.1.1
pypinyin==0.50.0
python-dateutil==2.8.2
python-dotenv==1.0.0
python-multipart==0.0.6
pytz==2023.3.post1
pyyaml==6.0.1
referencing==0.32.1
requests==2.31.0
resampy==0.4.2
rich==13.7.0
rpds-py==0.17.1
scikit-learn==1.3.2
scipy==1.11.4
semantic-version==2.10.0
shellingham==1.5.4
six==1.16.0
sniffio==1.3.0
soundfile==0.12.1
soxr==0.3.7
starlette==0.35.1
sympy==1.12
threadpoolctl==3.2.0
tokenizers==0.15.0
tomlkit==0.12.0
toolz==0.12.0
torch==2.1.2
torchaudio==2.1.2
tqdm==4.66.1
typer==0.9.0
typing-extensions==4.9.0
tzdata==2023.4
unidecode==1.3.8
urllib3==2.1.0
uvicorn==0.25.0
wavmark==0.0.3
websockets==11.0.3
# The following packages are considered to be unsafe in a requirements file:
setuptools==69.0.3
